<?xml version="1.0" encoding="utf-8"?>
<Project ToolsVersion="4.0" xmlns="http://schemas.microsoft.com/developer/msbuild/2003">
  <ItemGroup>
    <Filter Include="소스 파일">
      <UniqueIdentifier>{4FC737F1-C7A5-4376-A066-2A32D752A2FF}</UniqueIdentifier>
      <Extensions>cpp;c;cc;cxx;c++;cppm;ixx;def;odl;idl;hpj;bat;asm;asmx</Extensions>
    </Filter>
    <Filter Include="헤더 파일">
      <UniqueIdentifier>{93995380-89BD-4b04-88EB-625FBE52EBFB}</UniqueIdentifier>
      <Extensions>h;hh;hpp;hxx;h++;hm;inl;inc;ipp;xsd</Extensions>
    </Filter>
    <Filter Include="리소스 파일">
      <UniqueIdentifier>{67DA6AB6-F800-4c08-8B7A-83BB121AAD01}</UniqueIdentifier>
      <Extensions>rc;ico;cur;bmp;dlg;rc2;rct;bin;rgs;gif;jpg;jpeg;jpe;resx;tiff;tif;png;wav;mfcribbon-ms</Extensions>
    </Filter>
    <Filter Include="소스 파일\00 Main">
      <UniqueIdentifier>{bd7cd5c3-7e44-43be-b34e-08925165c899}</UniqueIdentifier>
    </Filter>
    <Filter Include="소스 파일\03 GameProcessor">
      <UniqueIdentifier>{1ba5276e-a493-4cc7-9a6d-316b3fa191c1}</UniqueIdentifier>
    </Filter>
    <Filter Include="소스 파일\99 Headers">
      <UniqueIdentifier>{1b46b1dd-454b-4db5-86e1-8b2f17e5ed5b}</UniqueIdentifier>
    </Filter>
    <Filter Include="소스 파일\98 ExpOver">
      <UniqueIdentifier>{46184cd4-69c8-481e-a6ba-d8f5e5383c54}</UniqueIdentifier>
    </Filter>
    <Filter Include="소스 파일\97 Protocol">
      <UniqueIdentifier>{84122146-d790-4b96-a4e7-46aa8b519dcc}</UniqueIdentifier>
    </Filter>
    <Filter Include="소스 파일\04 UserManager">
      <UniqueIdentifier>{dd85ce74-0593-45c7-8c8e-ea18fe5f6ed3}</UniqueIdentifier>
    </Filter>
    <Filter Include="소스 파일\05 User">
      <UniqueIdentifier>{71b5b1b4-5d87-46f1-b943-d35244872df6}</UniqueIdentifier>
    </Filter>
    <Filter Include="소스 파일\07 Room">
      <UniqueIdentifier>{d36789f1-f2ef-45cd-952f-62f099cd95b6}</UniqueIdentifier>
    </Filter>
    <Filter Include="소스 파일\06 RoomManager">
      <UniqueIdentifier>{225cd005-cc33-486b-9ed4-fc2e5dd91318}</UniqueIdentifier>
    </Filter>
    <Filter Include="소스 파일\96 Timer">
      <UniqueIdentifier>{e862d3b1-a6ae-4c1f-991e-34b6b19752d4}</UniqueIdentifier>
    </Filter>
    <Filter Include="소스 파일\08 GameObject">
      <UniqueIdentifier>{cc7d033c-3cbf-4874-9c5d-3fde09e59310}</UniqueIdentifier>
    </Filter>
    <Filter Include="소스 파일\08 GameObject\00 Character">
      <UniqueIdentifier>{7d398fd0-2ecf-445b-9148-ae07236b3f0c}</UniqueIdentifier>
    </Filter>
    <Filter Include="소스 파일\08 GameObject\02 Monster">
      <UniqueIdentifier>{9cd159e6-c1d0-4d34-b71b-8635a6559d33}</UniqueIdentifier>
    </Filter>
    <Filter Include="소스 파일\08 GameObject\03 MapObject">
      <UniqueIdentifier>{40722df2-0408-4610-bd97-b1f459b164d6}</UniqueIdentifier>
    </Filter>
    <Filter Include="소스 파일\08 GameObject\01 Bullet">
      <UniqueIdentifier>{12158128-5c23-4821-a694-f420efa9dc18}</UniqueIdentifier>
    </Filter>
    <Filter Include="소스 파일\95 ObjectPool">
      <UniqueIdentifier>{a0f508eb-ed20-421a-acd0-37b180745e1c}</UniqueIdentifier>
    </Filter>
    <Filter Include="소스 파일\94 LevelDesignInfo">
      <UniqueIdentifier>{ced6dec3-650b-4258-ba4d-e2a45216584f}</UniqueIdentifier>
    </Filter>
    <Filter Include="소스 파일\01 GameServer">
      <UniqueIdentifier>{9c7ab5ca-f4c5-4a1d-9016-1bb43ec893b7}</UniqueIdentifier>
    </Filter>
    <Filter Include="소스 파일\02 IOCPBase">
      <UniqueIdentifier>{009579d6-b812-4706-ae7a-21690b738649}</UniqueIdentifier>
    </Filter>
  </ItemGroup>
  <ItemGroup>
    <ClCompile Include="Main.cpp">
      <Filter>소스 파일\00 Main</Filter>
    </ClCompile>
    <ClCompile Include="GameProcessor.cpp">
      <Filter>소스 파일\03 GameProcessor</Filter>
    </ClCompile>
    <ClCompile Include="ExpOver.cpp">
      <Filter>소스 파일\98 ExpOver</Filter>
    </ClCompile>
    <ClCompile Include="stdafx.cpp">
      <Filter>소스 파일\99 Headers</Filter>
    </ClCompile>
    <ClCompile Include="UserManager.cpp">
      <Filter>소스 파일\04 UserManager</Filter>
    </ClCompile>
    <ClCompile Include="User.cpp">
      <Filter>소스 파일\05 User</Filter>
    </ClCompile>
    <ClCompile Include="Room.cpp">
      <Filter>소스 파일\07 Room</Filter>
    </ClCompile>
    <ClCompile Include="RoomManager.cpp">
      <Filter>소스 파일\06 RoomManager</Filter>
    </ClCompile>
    <ClCompile Include="Timer.cpp">
      <Filter>소스 파일\96 Timer</Filter>
    </ClCompile>
    <ClCompile Include="GameObject.cpp">
      <Filter>소스 파일\08 GameObject</Filter>
    </ClCompile>
    <ClCompile Include="Character.cpp">
      <Filter>소스 파일\08 GameObject\00 Character</Filter>
    </ClCompile>
    <ClCompile Include="LevelDesignInfo.cpp">
      <Filter>소스 파일\94 LevelDesignInfo</Filter>
    </ClCompile>
    <ClCompile Include="ProtocolManager.cpp">
      <Filter>소스 파일\97 Protocol</Filter>
    </ClCompile>
    <ClCompile Include="Bullet.cpp">
      <Filter>소스 파일\08 GameObject\01 Bullet</Filter>
    </ClCompile>
    <ClCompile Include="IOCPBase.cpp">
      <Filter>소스 파일\02 IOCPBase</Filter>
    </ClCompile>
    <ClCompile Include="GameServer.cpp">
      <Filter>소스 파일\01 GameServer</Filter>
    </ClCompile>
  </ItemGroup>
  <ItemGroup>
    <ClInclude Include="GameProcessor.h">
      <Filter>소스 파일\03 GameProcessor</Filter>
    </ClInclude>
    <ClInclude Include="ExpOver.h">
      <Filter>소스 파일\98 ExpOver</Filter>
    </ClInclude>
    <ClInclude Include="Protocol.h">
      <Filter>소스 파일\97 Protocol</Filter>
    </ClInclude>
    <ClInclude Include="stdafx.h">
      <Filter>소스 파일\99 Headers</Filter>
    </ClInclude>
    <ClInclude Include="UserManager.h">
      <Filter>소스 파일\04 UserManager</Filter>
    </ClInclude>
    <ClInclude Include="User.h">
      <Filter>소스 파일\05 User</Filter>
    </ClInclude>
    <ClInclude Include="Room.h">
      <Filter>소스 파일\07 Room</Filter>
    </ClInclude>
    <ClInclude Include="RoomManager.h">
      <Filter>소스 파일\06 RoomManager</Filter>
    </ClInclude>
    <ClInclude Include="struct.h">
      <Filter>소스 파일\99 Headers</Filter>
    </ClInclude>
    <ClInclude Include="timer.h">
      <Filter>소스 파일\96 Timer</Filter>
    </ClInclude>
    <ClInclude Include="GameObject.h">
      <Filter>소스 파일\08 GameObject</Filter>
    </ClInclude>
    <ClInclude Include="Character.h">
      <Filter>소스 파일\08 GameObject\00 Character</Filter>
    </ClInclude>
    <ClInclude Include="ObjectPool.h">
      <Filter>소스 파일\95 ObjectPool</Filter>
    </ClInclude>
    <ClInclude Include="LevelDesignInfo.h">
      <Filter>소스 파일\94 LevelDesignInfo</Filter>
    </ClInclude>
    <ClInclude Include="ProtocolManager.h">
      <Filter>소스 파일\97 Protocol</Filter>
    </ClInclude>
    <ClInclude Include="Bullet.h">
      <Filter>소스 파일\08 GameObject\01 Bullet</Filter>
    </ClInclude>
    <ClInclude Include="IOCPBase.h">
      <Filter>소스 파일\02 IOCPBase</Filter>
    </ClInclude>
    <ClInclude Include="GameServer.h">
      <Filter>소스 파일\01 GameServer</Filter>
    </ClInclude>
  </ItemGroup>
</Project>