
Microsoft Visual Studio Solution File, Format Version 12.00
# Visual Studio Version 16
VisualStudioVersion = 16.0.30717.126
MinimumVisualStudioVersion = 10.0.40219.1
Project("{8BC9CEB8-8B4A-11D0-8D11-00A0C91BC942}") = "The Tree House Server", "The Tree House Server\The Tree House Server.vcxproj", "{BAE3B35C-8084-4AE1-9BC1-3F69138B3D54}"
EndProject
Global
	GlobalSection(SolutionConfigurationPlatforms) = preSolution
		Debug|x64 = Debug|x64
		Debug|x86 = Debug|x86
		Release|x64 = Release|x64
		Release|x86 = Release|x86
	EndGlobalSection
	GlobalSection(ProjectConfigurationPlatforms) = postSolution
		{BAE3B35C-8084-4AE1-9BC1-3F69138B3D54}.Debug|x64.ActiveCfg = Debug|x64
		{BAE3B35C-8084-4AE1-9BC1-3F69138B3D54}.Debug|x64.Build.0 = Debug|x64
		{BAE3B35C-8084-4AE1-9BC1-3F69138B3D54}.Debug|x86.ActiveCfg = Debug|Win32
		{BAE3B35C-8084-4AE1-9BC1-3F69138B3D54}.Debug|x86.Build.0 = Debug|Win32
		{BAE3B35C-8084-4AE1-9BC1-3F69138B3D54}.Release|x64.ActiveCfg = Release|x64
		{BAE3B35C-8084-4AE1-9BC1-3F69138B3D54}.Release|x64.Build.0 = Release|x64
		{BAE3B35C-8084-4AE1-9BC1-3F69138B3D54}.Release|x86.ActiveCfg = Release|Win32
		{BAE3B35C-8084-4AE1-9BC1-3F69138B3D54}.Release|x86.Build.0 = Release|Win32
	EndGlobalSection
	GlobalSection(SolutionProperties) = preSolution
		HideSolutionNode = FALSE
	EndGlobalSection
	GlobalSection(ExtensibilityGlobals) = postSolution
		SolutionGuid = {EB5FA5B5-B196-4345-A12B-8D7A264350B2}
	EndGlobalSection
EndGlobal
